# THIS IS AN AUTOGENERATED FILE. DO NOT EDIT THIS FILE DIRECTLY.
# yarn lockfile v1


animejs@^2.2.0:
  version "2.2.0"
  resolved "https://registry.yarnpkg.com/animejs/-/animejs-2.2.0.tgz#35eefdfc535b81949c9cb06f0b3e60c02e6fdc80"

lodash.isequal@^4.5.0:
  version "4.5.0"
  resolved "https://registry.yarnpkg.com/lodash.isequal/-/lodash.isequal-4.5.0.tgz#415c4478f2bcc30120c22ce10ed3226f7d3e18e0"

react-anime@^2.0.1:
  version "2.0.1"
  resolved "https://registry.yarnpkg.com/react-anime/-/react-anime-2.0.1.tgz#9035ffcc17e1d633485f0370f73b2a479e2657e2"
  dependencies:
    animejs "^2.2.0"
    lodash.isequal "^4.5.0"
