# THIS IS AN AUTOGENERATED FILE. DO NOT EDIT THIS FILE DIRECTLY.
# yarn lockfile v1


file-type@^7.4.0:
  version "7.4.0"
  resolved "https://registry.yarnpkg.com/file-type/-/file-type-7.4.0.tgz#2a7c94f62a0030150bb7d9b6c70cfa1d3e759c86"

fine-uploader-wrappers@1.0.1, fine-uploader-wrappers@^1.0.1:
  version "1.0.1"
  resolved "https://registry.yarnpkg.com/fine-uploader-wrappers/-/fine-uploader-wrappers-1.0.1.tgz#044a9432076bd02ac1404866ec6e197fc662fcbf"
  dependencies:
    object-assign "4.1.0"

object-assign@4.1.0:
  version "4.1.0"
  resolved "https://registry.yarnpkg.com/object-assign/-/object-assign-4.1.0.tgz#7a3b3d0e98063d43f4c03f2e8ae6cd51a86883a0"

object-assign@4.1.1:
  version "4.1.1"
  resolved "https://registry.yarnpkg.com/object-assign/-/object-assign-4.1.1.tgz#2109adc7965887cfc05cbbd442cac8bfbb360863"

react-fine-uploader@^1.0.8:
  version "1.0.8"
  resolved "https://registry.yarnpkg.com/react-fine-uploader/-/react-fine-uploader-1.0.8.tgz#e9e72ed4829896da66babfe08f4d26dc72446101"
  dependencies:
    fine-uploader-wrappers "1.0.1"
    object-assign "4.1.1"
